
Microsoft Visual Studio Solution File, Format Version 12.00
# Visual Studio Version 17
VisualStudioVersion = 17.2.32616.157
MinimumVisualStudioVersion = 10.0.40219.1
Project("{FAE04EC0-301F-11D3-BF4B-00C04F79EFBC}") = "Demo.API", "Demo.API\Demo.API.csproj", "{33DDD25D-9924-41D0-BB74-75006C50D1EF}"
EndProject
Global
	GlobalSection(SolutionConfigurationPlatforms) = preSolution
		Debug|Any CPU = Debug|Any CPU
		Release|Any CPU = Release|Any CPU
	EndGlobalSection
	GlobalSection(ProjectConfigurationPlatforms) = postSolution
		{33DDD25D-9924-41D0-BB74-75006C50D1EF}.Debug|Any CPU.ActiveCfg = Debug|Any CPU
		{33DDD25D-9924-41D0-BB74-75006C50D1EF}.Debug|Any CPU.Build.0 = Debug|Any CPU
		{33DDD25D-9924-41D0-BB74-75006C50D1EF}.Release|Any CPU.ActiveCfg = Release|Any CPU
		{33DDD25D-9924-41D0-BB74-75006C50D1EF}.Release|Any CPU.Build.0 = Release|Any CPU
	EndGlobalSection
	GlobalSection(SolutionProperties) = preSolution
		HideSolutionNode = FALSE
	EndGlobalSection
	GlobalSection(ExtensibilityGlobals) = postSolution
		SolutionGuid = {235CEA6E-ADEB-454C-8FD7-0281D07C4CDE}
	EndGlobalSection
EndGlobal
